schema_version = "1.0.0"
family = "jankurai"
release = "1.7.2"
source = "repos.manifest.toml"
generated_at = "2026-09-09T04:17:00Z"
source_repo = "root/jankurai"
source_commit = "cea83b0cbe204be276a2f0299cd760f6812ea2b0"

[[repo]]
repo = "jankurai-core"
tag = "ci-6408d1f4eaad41b12b9f6216486e144a78c1896e"
commit = "6408d1f4eaad41b12b9f6216486e144a78c1896e"

[[repo]]
repo = "jankurai-contracts"
tag = "ci-fb7e201a76abe67591f50137f32a2d86d835a840"
commit = "fb7e201a76abe67591f50137f32a2d86d835a840"

[[repo]]
repo = "jankurai-standard"
tag = "ci-8d14132893934e545344be62c38b8d70394c0afa"
commit = "8d14132893934e545344be62c38b8d70394c0afa"

[[repo]]
repo = "jankurai-conformance"
tag = "ci-632d68d3f82196faba3d20c071234b20ce3ea38e"
commit = "632d68d3f82196faba3d20c071234b20ce3ea38e"

[[repo]]
repo = "jankurai-paper"
tag = "ci-54c1deb4c94c07a214ce2a8ff9c3605f23e927c6"
commit = "54c1deb4c94c07a214ce2a8ff9c3605f23e927c6"

[[repo]]
repo = "jankurai-tools-tui"
tag = "ci-98d9159432a2b7caf8e88289f12e3cedd6f53b93"
commit = "98d9159432a2b7caf8e88289f12e3cedd6f53b93"

[[repo]]
repo = "jankurai-tools-ux"
tag = "ci-dc4ad3da91fc2df4b9b1bae7353bd99a4cf1383e"
commit = "dc4ad3da91fc2df4b9b1bae7353bd99a4cf1383e"

[[repo]]
repo = "jankurai-tools-kernel"
tag = "ci-b4ef74d9d59651375dd5db1d1e9b7d953e447d17"
commit = "b4ef74d9d59651375dd5db1d1e9b7d953e447d17"

[[repo]]
repo = "jankurai-tools-guard"
tag = "ci-ac11dec26907b986c62b1112fc6e781e1e2894c3"
commit = "ac11dec26907b986c62b1112fc6e781e1e2894c3"

[[repo]]
repo = "jankurai-tools-proof"
tag = "ci-00c8ea71b7cfe94f3bf4be6a74675e8d54f7a70c"
commit = "00c8ea71b7cfe94f3bf4be6a74675e8d54f7a70c"

[[repo]]
repo = "jankurai-tools-dedup"
tag = "ci-602b608c59690020eb66a2069f67d33a75b481f1"
commit = "602b608c59690020eb66a2069f67d33a75b481f1"

[[repo]]
repo = "jankurai-tools-analyzers"
tag = "ci-d9a57332c3d1951b2de0d63f877416834be9d04a"
commit = "d9a57332c3d1951b2de0d63f877416834be9d04a"

[[repo]]
repo = "jankurai-tools-fleet"
tag = "ci-668532cd06f87aec6b677ab061405e51871e57b8"
commit = "668532cd06f87aec6b677ab061405e51871e57b8"

[[repo]]
repo = "jankurai-deploy"
tag = "ci-7c047e7879ab48a0f28a309ac70518159ffc9e81"
commit = "7c047e7879ab48a0f28a309ac70518159ffc9e81"
