schema_version = "1.0.0"
family = "jankurai"
release = "1.7.1"
source = "repos.manifest.toml"
generated_at = "2026-09-09T04:17:00Z"
source_repo = "root/jankurai"
source_commit = "cea83b0cbe204be276a2f0299cd760f6812ea2b0"

[[repo]]
repo = "jankurai-core"
tag = "ci-0e2c573ad2f2fe427a2a1227fac86c1435852a45"
commit = "0e2c573ad2f2fe427a2a1227fac86c1435852a45"

[[repo]]
repo = "jankurai-contracts"
tag = "ci-fb7e201a76abe67591f50137f32a2d86d835a840"
commit = "fb7e201a76abe67591f50137f32a2d86d835a840"

[[repo]]
repo = "jankurai-standard"
tag = "ci-8d14132893934e545344be62c38b8d70394c0afa"
commit = "8d14132893934e545344be62c38b8d70394c0afa"

[[repo]]
repo = "jankurai-conformance"
tag = "ci-632d68d3f82196faba3d20c071234b20ce3ea38e"
commit = "632d68d3f82196faba3d20c071234b20ce3ea38e"

[[repo]]
repo = "jankurai-paper"
tag = "ci-54c1deb4c94c07a214ce2a8ff9c3605f23e927c6"
commit = "54c1deb4c94c07a214ce2a8ff9c3605f23e927c6"

[[repo]]
repo = "jankurai-tools-tui"
tag = "ci-ad47d010259c23b48e523a8e5d8d3e523a212d91"
commit = "ad47d010259c23b48e523a8e5d8d3e523a212d91"

[[repo]]
repo = "jankurai-tools-ux"
tag = "ci-00e71d153de27b1226ec3bb7d956d168374ef83c"
commit = "00e71d153de27b1226ec3bb7d956d168374ef83c"

[[repo]]
repo = "jankurai-tools-kernel"
tag = "ci-cd94f46d3b4ba3b60780b996ed5f7d1f559dfaef"
commit = "cd94f46d3b4ba3b60780b996ed5f7d1f559dfaef"

[[repo]]
repo = "jankurai-tools-guard"
tag = "ci-ac11dec26907b986c62b1112fc6e781e1e2894c3"
commit = "ac11dec26907b986c62b1112fc6e781e1e2894c3"

[[repo]]
repo = "jankurai-tools-proof"
tag = "ci-00c8ea71b7cfe94f3bf4be6a74675e8d54f7a70c"
commit = "00c8ea71b7cfe94f3bf4be6a74675e8d54f7a70c"

[[repo]]
repo = "jankurai-tools-dedup"
tag = "ci-602b608c59690020eb66a2069f67d33a75b481f1"
commit = "602b608c59690020eb66a2069f67d33a75b481f1"

[[repo]]
repo = "jankurai-tools-analyzers"
tag = "ci-6cd55512e491a029397afb5e4e51531c9bffe203"
commit = "6cd55512e491a029397afb5e4e51531c9bffe203"

[[repo]]
repo = "jankurai-tools-fleet"
tag = "ci-668532cd06f87aec6b677ab061405e51871e57b8"
commit = "668532cd06f87aec6b677ab061405e51871e57b8"

[[repo]]
repo = "jankurai-deploy"
tag = "ci-7c047e7879ab48a0f28a309ac70518159ffc9e81"
commit = "7c047e7879ab48a0f28a309ac70518159ffc9e81"
